
Microsoft Visual Studio Solution File, Format Version 12.00
# Visual Studio 15
VisualStudioVersion = 15.0.28307.1321
MinimumVisualStudioVersion = 10.0.40219.1
Project("{FAE04EC0-301F-11D3-BF4B-00C04F79EFBC}") = "FX.Core", "FX.Core\FX.Core.csproj", "{24C8A184-5DA3-4E2D-81A7-2DA20BD04EC9}"
EndProject
Project("{FAE04EC0-301F-11D3-BF4B-00C04F79EFBC}") = "FX.Website", "FX.Website\FX.Website.csproj", "{E240C2A2-790E-42AA-BEBA-7848A72220C0}"
	ProjectSection(ProjectDependencies) = postProject
		{24C8A184-5DA3-4E2D-81A7-2DA20BD04EC9} = {24C8A184-5DA3-4E2D-81A7-2DA20BD04EC9}
	EndProjectSection
EndProject
Project("{FAE04EC0-301F-11D3-BF4B-00C04F79EFBC}") = "AD.DroplistTextValueSwap", "AD.DroplistTextValueSwap\AD.DroplistTextValueSwap.csproj", "{9516C3AA-61E8-4AA3-B476-0CE17E7DA621}"
EndProject
Project("{FAE04EC0-301F-11D3-BF4B-00C04F79EFBC}") = "AD.WFFM.ProcessMessage", "AD.WFFM.ProcessMessage\AD.WFFM.ProcessMessage.csproj", "{3BB2FBEB-9F8F-4D7B-BCF3-831C26437C48}"
EndProject
Project("{FAE04EC0-301F-11D3-BF4B-00C04F79EFBC}") = "BranchPresets", "BranchPresets\BranchPresets.csproj", "{40613875-C8E6-4784-93F0-298305CE8804}"
EndProject
Project("{FAE04EC0-301F-11D3-BF4B-00C04F79EFBC}") = "AD.SuggestedTestsCountRequestFix", "AD.SuggestedTestsCountRequestFix\AD.SuggestedTestsCountRequestFix.csproj", "{55C3712D-F552-483C-85E2-F6735C50AD1B}"
EndProject
Project("{FAE04EC0-301F-11D3-BF4B-00C04F79EFBC}") = "FX.MyanmarCultureInfo.ConsoleApplication", "FX.MyanmarCultureInfo.ConsoleApplication\FX.MyanmarCultureInfo.ConsoleApplication.csproj", "{A3C903DD-0467-420D-BDC2-B384F85C57BF}"
EndProject
Project("{FAE04EC0-301F-11D3-BF4B-00C04F79EFBC}") = "AD.FacebookTools", "AD.FacebookTools\AD.FacebookTools.csproj", "{D761912B-3054-48DF-AEBA-C91CD7B99DC1}"
EndProject
Project("{FAE04EC0-301F-11D3-BF4B-00C04F79EFBC}") = "AD.TwitterTools", "AD.TwitterTools\AD.TwitterTools.csproj", "{B5A8C3FA-A5A8-43EC-8EA9-86985DA2819C}"
EndProject
Project("{FAE04EC0-301F-11D3-BF4B-00C04F79EFBC}") = "AD.LinkedIn", "AD.LinkedIn\AD.LinkedIn.csproj", "{162030FE-E76C-439F-8A25-A32862D96E1E}"
EndProject
Project("{FAE04EC0-301F-11D3-BF4B-00C04F79EFBC}") = "AD.Youtube", "AD.Youtube\AD.Youtube.csproj", "{A539C75B-E6D7-4D46-A359-92F2806C6A39}"
EndProject
Project("{2150E333-8FDC-42A3-9474-1A3956D46DE8}") = "Alipay", "Alipay", "{2C347B09-4440-452E-9B3E-E0A35E644C38}"
EndProject
Project("{FAE04EC0-301F-11D3-BF4B-00C04F79EFBC}") = "AD.Alipay", "AD.Alipay\AD.Alipay.csproj", "{9D8815B4-FF41-4D96-8164-A7FEEA4A51B4}"
EndProject
Project("{FAE04EC0-301F-11D3-BF4B-00C04F79EFBC}") = "AopSdk", "alipay-sdk-NET20170615110549\AopSdk.csproj", "{9C11CAE5-5188-4E71-825B-68FC3135728A}"
EndProject
Global
	GlobalSection(SolutionConfigurationPlatforms) = preSolution
		Debug|Any CPU = Debug|Any CPU
		FX Production CM|Any CPU = FX Production CM|Any CPU
		FX Production|Any CPU = FX Production|Any CPU
		FX Staging|Any CPU = FX Staging|Any CPU
		Local|Any CPU = Local|Any CPU
		Release|Any CPU = Release|Any CPU
		UAT Content|Any CPU = UAT Content|Any CPU
		UAT|Any CPU = UAT|Any CPU
	EndGlobalSection
	GlobalSection(ProjectConfigurationPlatforms) = postSolution
		{24C8A184-5DA3-4E2D-81A7-2DA20BD04EC9}.Debug|Any CPU.ActiveCfg = Debug|Any CPU
		{24C8A184-5DA3-4E2D-81A7-2DA20BD04EC9}.Debug|Any CPU.Build.0 = Debug|Any CPU
		{24C8A184-5DA3-4E2D-81A7-2DA20BD04EC9}.FX Production CM|Any CPU.ActiveCfg = FX Production CM|Any CPU
		{24C8A184-5DA3-4E2D-81A7-2DA20BD04EC9}.FX Production CM|Any CPU.Build.0 = FX Production CM|Any CPU
		{24C8A184-5DA3-4E2D-81A7-2DA20BD04EC9}.FX Production|Any CPU.ActiveCfg = FX Production|Any CPU
		{24C8A184-5DA3-4E2D-81A7-2DA20BD04EC9}.FX Production|Any CPU.Build.0 = FX Production|Any CPU
		{24C8A184-5DA3-4E2D-81A7-2DA20BD04EC9}.FX Staging|Any CPU.ActiveCfg = FX Staging|Any CPU
		{24C8A184-5DA3-4E2D-81A7-2DA20BD04EC9}.FX Staging|Any CPU.Build.0 = FX Staging|Any CPU
		{24C8A184-5DA3-4E2D-81A7-2DA20BD04EC9}.Local|Any CPU.ActiveCfg = Local|Any CPU
		{24C8A184-5DA3-4E2D-81A7-2DA20BD04EC9}.Local|Any CPU.Build.0 = Local|Any CPU
		{24C8A184-5DA3-4E2D-81A7-2DA20BD04EC9}.Release|Any CPU.ActiveCfg = Release|Any CPU
		{24C8A184-5DA3-4E2D-81A7-2DA20BD04EC9}.Release|Any CPU.Build.0 = Release|Any CPU
		{24C8A184-5DA3-4E2D-81A7-2DA20BD04EC9}.UAT Content|Any CPU.ActiveCfg = UAT Content|Any CPU
		{24C8A184-5DA3-4E2D-81A7-2DA20BD04EC9}.UAT Content|Any CPU.Build.0 = UAT Content|Any CPU
		{24C8A184-5DA3-4E2D-81A7-2DA20BD04EC9}.UAT|Any CPU.ActiveCfg = UAT|Any CPU
		{24C8A184-5DA3-4E2D-81A7-2DA20BD04EC9}.UAT|Any CPU.Build.0 = UAT|Any CPU
		{E240C2A2-790E-42AA-BEBA-7848A72220C0}.Debug|Any CPU.ActiveCfg = Debug|Any CPU
		{E240C2A2-790E-42AA-BEBA-7848A72220C0}.Debug|Any CPU.Build.0 = Debug|Any CPU
		{E240C2A2-790E-42AA-BEBA-7848A72220C0}.FX Production CM|Any CPU.ActiveCfg = FX Production CM|Any CPU
		{E240C2A2-790E-42AA-BEBA-7848A72220C0}.FX Production CM|Any CPU.Build.0 = FX Production CM|Any CPU
		{E240C2A2-790E-42AA-BEBA-7848A72220C0}.FX Production|Any CPU.ActiveCfg = FX Production|Any CPU
		{E240C2A2-790E-42AA-BEBA-7848A72220C0}.FX Production|Any CPU.Build.0 = FX Production|Any CPU
		{E240C2A2-790E-42AA-BEBA-7848A72220C0}.FX Staging|Any CPU.ActiveCfg = FX Staging|Any CPU
		{E240C2A2-790E-42AA-BEBA-7848A72220C0}.FX Staging|Any CPU.Build.0 = FX Staging|Any CPU
		{E240C2A2-790E-42AA-BEBA-7848A72220C0}.Local|Any CPU.ActiveCfg = Local|Any CPU
		{E240C2A2-790E-42AA-BEBA-7848A72220C0}.Local|Any CPU.Build.0 = Local|Any CPU
		{E240C2A2-790E-42AA-BEBA-7848A72220C0}.Release|Any CPU.ActiveCfg = Release|Any CPU
		{E240C2A2-790E-42AA-BEBA-7848A72220C0}.Release|Any CPU.Build.0 = Release|Any CPU
		{E240C2A2-790E-42AA-BEBA-7848A72220C0}.UAT Content|Any CPU.ActiveCfg = UAT Content|Any CPU
		{E240C2A2-790E-42AA-BEBA-7848A72220C0}.UAT Content|Any CPU.Build.0 = UAT Content|Any CPU
		{E240C2A2-790E-42AA-BEBA-7848A72220C0}.UAT|Any CPU.ActiveCfg = UAT|Any CPU
		{E240C2A2-790E-42AA-BEBA-7848A72220C0}.UAT|Any CPU.Build.0 = UAT|Any CPU
		{9516C3AA-61E8-4AA3-B476-0CE17E7DA621}.Debug|Any CPU.ActiveCfg = Debug|Any CPU
		{9516C3AA-61E8-4AA3-B476-0CE17E7DA621}.Debug|Any CPU.Build.0 = Debug|Any CPU
		{9516C3AA-61E8-4AA3-B476-0CE17E7DA621}.FX Production CM|Any CPU.ActiveCfg = FX Production CM|Any CPU
		{9516C3AA-61E8-4AA3-B476-0CE17E7DA621}.FX Production CM|Any CPU.Build.0 = FX Production CM|Any CPU
		{9516C3AA-61E8-4AA3-B476-0CE17E7DA621}.FX Production|Any CPU.ActiveCfg = FX Production|Any CPU
		{9516C3AA-61E8-4AA3-B476-0CE17E7DA621}.FX Production|Any CPU.Build.0 = FX Production|Any CPU
		{9516C3AA-61E8-4AA3-B476-0CE17E7DA621}.FX Staging|Any CPU.ActiveCfg = FX Staging|Any CPU
		{9516C3AA-61E8-4AA3-B476-0CE17E7DA621}.FX Staging|Any CPU.Build.0 = FX Staging|Any CPU
		{9516C3AA-61E8-4AA3-B476-0CE17E7DA621}.Local|Any CPU.ActiveCfg = Local|Any CPU
		{9516C3AA-61E8-4AA3-B476-0CE17E7DA621}.Local|Any CPU.Build.0 = Local|Any CPU
		{9516C3AA-61E8-4AA3-B476-0CE17E7DA621}.Release|Any CPU.ActiveCfg = Release|Any CPU
		{9516C3AA-61E8-4AA3-B476-0CE17E7DA621}.Release|Any CPU.Build.0 = Release|Any CPU
		{9516C3AA-61E8-4AA3-B476-0CE17E7DA621}.UAT Content|Any CPU.ActiveCfg = UAT Content|Any CPU
		{9516C3AA-61E8-4AA3-B476-0CE17E7DA621}.UAT Content|Any CPU.Build.0 = UAT Content|Any CPU
		{9516C3AA-61E8-4AA3-B476-0CE17E7DA621}.UAT|Any CPU.ActiveCfg = UAT|Any CPU
		{9516C3AA-61E8-4AA3-B476-0CE17E7DA621}.UAT|Any CPU.Build.0 = UAT|Any CPU
		{3BB2FBEB-9F8F-4D7B-BCF3-831C26437C48}.Debug|Any CPU.ActiveCfg = Debug|Any CPU
		{3BB2FBEB-9F8F-4D7B-BCF3-831C26437C48}.Debug|Any CPU.Build.0 = Debug|Any CPU
		{3BB2FBEB-9F8F-4D7B-BCF3-831C26437C48}.FX Production CM|Any CPU.ActiveCfg = Release|Any CPU
		{3BB2FBEB-9F8F-4D7B-BCF3-831C26437C48}.FX Production CM|Any CPU.Build.0 = Release|Any CPU
		{3BB2FBEB-9F8F-4D7B-BCF3-831C26437C48}.FX Production|Any CPU.ActiveCfg = Release|Any CPU
		{3BB2FBEB-9F8F-4D7B-BCF3-831C26437C48}.FX Production|Any CPU.Build.0 = Release|Any CPU
		{3BB2FBEB-9F8F-4D7B-BCF3-831C26437C48}.FX Staging|Any CPU.ActiveCfg = Release|Any CPU
		{3BB2FBEB-9F8F-4D7B-BCF3-831C26437C48}.FX Staging|Any CPU.Build.0 = Release|Any CPU
		{3BB2FBEB-9F8F-4D7B-BCF3-831C26437C48}.Local|Any CPU.ActiveCfg = Release|Any CPU
		{3BB2FBEB-9F8F-4D7B-BCF3-831C26437C48}.Local|Any CPU.Build.0 = Release|Any CPU
		{3BB2FBEB-9F8F-4D7B-BCF3-831C26437C48}.Release|Any CPU.ActiveCfg = Release|Any CPU
		{3BB2FBEB-9F8F-4D7B-BCF3-831C26437C48}.Release|Any CPU.Build.0 = Release|Any CPU
		{3BB2FBEB-9F8F-4D7B-BCF3-831C26437C48}.UAT Content|Any CPU.ActiveCfg = Release|Any CPU
		{3BB2FBEB-9F8F-4D7B-BCF3-831C26437C48}.UAT Content|Any CPU.Build.0 = Release|Any CPU
		{3BB2FBEB-9F8F-4D7B-BCF3-831C26437C48}.UAT|Any CPU.ActiveCfg = Release|Any CPU
		{3BB2FBEB-9F8F-4D7B-BCF3-831C26437C48}.UAT|Any CPU.Build.0 = Release|Any CPU
		{40613875-C8E6-4784-93F0-298305CE8804}.Debug|Any CPU.ActiveCfg = Debug|Any CPU
		{40613875-C8E6-4784-93F0-298305CE8804}.Debug|Any CPU.Build.0 = Debug|Any CPU
		{40613875-C8E6-4784-93F0-298305CE8804}.FX Production CM|Any CPU.ActiveCfg = Release|Any CPU
		{40613875-C8E6-4784-93F0-298305CE8804}.FX Production CM|Any CPU.Build.0 = Release|Any CPU
		{40613875-C8E6-4784-93F0-298305CE8804}.FX Production|Any CPU.ActiveCfg = Release|Any CPU
		{40613875-C8E6-4784-93F0-298305CE8804}.FX Production|Any CPU.Build.0 = Release|Any CPU
		{40613875-C8E6-4784-93F0-298305CE8804}.FX Staging|Any CPU.ActiveCfg = Release|Any CPU
		{40613875-C8E6-4784-93F0-298305CE8804}.FX Staging|Any CPU.Build.0 = Release|Any CPU
		{40613875-C8E6-4784-93F0-298305CE8804}.Local|Any CPU.ActiveCfg = Release|Any CPU
		{40613875-C8E6-4784-93F0-298305CE8804}.Local|Any CPU.Build.0 = Release|Any CPU
		{40613875-C8E6-4784-93F0-298305CE8804}.Release|Any CPU.ActiveCfg = Release|Any CPU
		{40613875-C8E6-4784-93F0-298305CE8804}.Release|Any CPU.Build.0 = Release|Any CPU
		{40613875-C8E6-4784-93F0-298305CE8804}.UAT Content|Any CPU.ActiveCfg = UAT Content|Any CPU
		{40613875-C8E6-4784-93F0-298305CE8804}.UAT Content|Any CPU.Build.0 = UAT Content|Any CPU
		{40613875-C8E6-4784-93F0-298305CE8804}.UAT|Any CPU.ActiveCfg = Release|Any CPU
		{40613875-C8E6-4784-93F0-298305CE8804}.UAT|Any CPU.Build.0 = Release|Any CPU
		{55C3712D-F552-483C-85E2-F6735C50AD1B}.Debug|Any CPU.ActiveCfg = Debug|Any CPU
		{55C3712D-F552-483C-85E2-F6735C50AD1B}.Debug|Any CPU.Build.0 = Debug|Any CPU
		{55C3712D-F552-483C-85E2-F6735C50AD1B}.FX Production CM|Any CPU.ActiveCfg = Release|Any CPU
		{55C3712D-F552-483C-85E2-F6735C50AD1B}.FX Production CM|Any CPU.Build.0 = Release|Any CPU
		{55C3712D-F552-483C-85E2-F6735C50AD1B}.FX Production|Any CPU.ActiveCfg = Release|Any CPU
		{55C3712D-F552-483C-85E2-F6735C50AD1B}.FX Production|Any CPU.Build.0 = Release|Any CPU
		{55C3712D-F552-483C-85E2-F6735C50AD1B}.FX Staging|Any CPU.ActiveCfg = Release|Any CPU
		{55C3712D-F552-483C-85E2-F6735C50AD1B}.FX Staging|Any CPU.Build.0 = Release|Any CPU
		{55C3712D-F552-483C-85E2-F6735C50AD1B}.Local|Any CPU.ActiveCfg = Release|Any CPU
		{55C3712D-F552-483C-85E2-F6735C50AD1B}.Local|Any CPU.Build.0 = Release|Any CPU
		{55C3712D-F552-483C-85E2-F6735C50AD1B}.Release|Any CPU.ActiveCfg = Release|Any CPU
		{55C3712D-F552-483C-85E2-F6735C50AD1B}.Release|Any CPU.Build.0 = Release|Any CPU
		{55C3712D-F552-483C-85E2-F6735C50AD1B}.UAT Content|Any CPU.ActiveCfg = Release|Any CPU
		{55C3712D-F552-483C-85E2-F6735C50AD1B}.UAT Content|Any CPU.Build.0 = Release|Any CPU
		{55C3712D-F552-483C-85E2-F6735C50AD1B}.UAT|Any CPU.ActiveCfg = Release|Any CPU
		{55C3712D-F552-483C-85E2-F6735C50AD1B}.UAT|Any CPU.Build.0 = Release|Any CPU
		{A3C903DD-0467-420D-BDC2-B384F85C57BF}.Debug|Any CPU.ActiveCfg = Debug|Any CPU
		{A3C903DD-0467-420D-BDC2-B384F85C57BF}.Debug|Any CPU.Build.0 = Debug|Any CPU
		{A3C903DD-0467-420D-BDC2-B384F85C57BF}.FX Production CM|Any CPU.ActiveCfg = Release|Any CPU
		{A3C903DD-0467-420D-BDC2-B384F85C57BF}.FX Production CM|Any CPU.Build.0 = Release|Any CPU
		{A3C903DD-0467-420D-BDC2-B384F85C57BF}.FX Production|Any CPU.ActiveCfg = Release|Any CPU
		{A3C903DD-0467-420D-BDC2-B384F85C57BF}.FX Production|Any CPU.Build.0 = Release|Any CPU
		{A3C903DD-0467-420D-BDC2-B384F85C57BF}.FX Staging|Any CPU.ActiveCfg = Release|Any CPU
		{A3C903DD-0467-420D-BDC2-B384F85C57BF}.FX Staging|Any CPU.Build.0 = Release|Any CPU
		{A3C903DD-0467-420D-BDC2-B384F85C57BF}.Local|Any CPU.ActiveCfg = Release|Any CPU
		{A3C903DD-0467-420D-BDC2-B384F85C57BF}.Local|Any CPU.Build.0 = Release|Any CPU
		{A3C903DD-0467-420D-BDC2-B384F85C57BF}.Release|Any CPU.ActiveCfg = Release|Any CPU
		{A3C903DD-0467-420D-BDC2-B384F85C57BF}.Release|Any CPU.Build.0 = Release|Any CPU
		{A3C903DD-0467-420D-BDC2-B384F85C57BF}.UAT Content|Any CPU.ActiveCfg = Release|Any CPU
		{A3C903DD-0467-420D-BDC2-B384F85C57BF}.UAT Content|Any CPU.Build.0 = Release|Any CPU
		{A3C903DD-0467-420D-BDC2-B384F85C57BF}.UAT|Any CPU.ActiveCfg = Release|Any CPU
		{A3C903DD-0467-420D-BDC2-B384F85C57BF}.UAT|Any CPU.Build.0 = Release|Any CPU
		{D761912B-3054-48DF-AEBA-C91CD7B99DC1}.Debug|Any CPU.ActiveCfg = Debug|Any CPU
		{D761912B-3054-48DF-AEBA-C91CD7B99DC1}.Debug|Any CPU.Build.0 = Debug|Any CPU
		{D761912B-3054-48DF-AEBA-C91CD7B99DC1}.FX Production CM|Any CPU.ActiveCfg = Release|Any CPU
		{D761912B-3054-48DF-AEBA-C91CD7B99DC1}.FX Production CM|Any CPU.Build.0 = Release|Any CPU
		{D761912B-3054-48DF-AEBA-C91CD7B99DC1}.FX Production|Any CPU.ActiveCfg = Release|Any CPU
		{D761912B-3054-48DF-AEBA-C91CD7B99DC1}.FX Production|Any CPU.Build.0 = Release|Any CPU
		{D761912B-3054-48DF-AEBA-C91CD7B99DC1}.FX Staging|Any CPU.ActiveCfg = Release|Any CPU
		{D761912B-3054-48DF-AEBA-C91CD7B99DC1}.FX Staging|Any CPU.Build.0 = Release|Any CPU
		{D761912B-3054-48DF-AEBA-C91CD7B99DC1}.Local|Any CPU.ActiveCfg = Release|Any CPU
		{D761912B-3054-48DF-AEBA-C91CD7B99DC1}.Local|Any CPU.Build.0 = Release|Any CPU
		{D761912B-3054-48DF-AEBA-C91CD7B99DC1}.Release|Any CPU.ActiveCfg = Release|Any CPU
		{D761912B-3054-48DF-AEBA-C91CD7B99DC1}.Release|Any CPU.Build.0 = Release|Any CPU
		{D761912B-3054-48DF-AEBA-C91CD7B99DC1}.UAT Content|Any CPU.ActiveCfg = Release|Any CPU
		{D761912B-3054-48DF-AEBA-C91CD7B99DC1}.UAT Content|Any CPU.Build.0 = Release|Any CPU
		{D761912B-3054-48DF-AEBA-C91CD7B99DC1}.UAT|Any CPU.ActiveCfg = Release|Any CPU
		{D761912B-3054-48DF-AEBA-C91CD7B99DC1}.UAT|Any CPU.Build.0 = Release|Any CPU
		{B5A8C3FA-A5A8-43EC-8EA9-86985DA2819C}.Debug|Any CPU.ActiveCfg = Debug|Any CPU
		{B5A8C3FA-A5A8-43EC-8EA9-86985DA2819C}.Debug|Any CPU.Build.0 = Debug|Any CPU
		{B5A8C3FA-A5A8-43EC-8EA9-86985DA2819C}.FX Production CM|Any CPU.ActiveCfg = Release|Any CPU
		{B5A8C3FA-A5A8-43EC-8EA9-86985DA2819C}.FX Production CM|Any CPU.Build.0 = Release|Any CPU
		{B5A8C3FA-A5A8-43EC-8EA9-86985DA2819C}.FX Production|Any CPU.ActiveCfg = Release|Any CPU
		{B5A8C3FA-A5A8-43EC-8EA9-86985DA2819C}.FX Production|Any CPU.Build.0 = Release|Any CPU
		{B5A8C3FA-A5A8-43EC-8EA9-86985DA2819C}.FX Staging|Any CPU.ActiveCfg = Release|Any CPU
		{B5A8C3FA-A5A8-43EC-8EA9-86985DA2819C}.FX Staging|Any CPU.Build.0 = Release|Any CPU
		{B5A8C3FA-A5A8-43EC-8EA9-86985DA2819C}.Local|Any CPU.ActiveCfg = Release|Any CPU
		{B5A8C3FA-A5A8-43EC-8EA9-86985DA2819C}.Local|Any CPU.Build.0 = Release|Any CPU
		{B5A8C3FA-A5A8-43EC-8EA9-86985DA2819C}.Release|Any CPU.ActiveCfg = Release|Any CPU
		{B5A8C3FA-A5A8-43EC-8EA9-86985DA2819C}.Release|Any CPU.Build.0 = Release|Any CPU
		{B5A8C3FA-A5A8-43EC-8EA9-86985DA2819C}.UAT Content|Any CPU.ActiveCfg = Release|Any CPU
		{B5A8C3FA-A5A8-43EC-8EA9-86985DA2819C}.UAT Content|Any CPU.Build.0 = Release|Any CPU
		{B5A8C3FA-A5A8-43EC-8EA9-86985DA2819C}.UAT|Any CPU.ActiveCfg = Release|Any CPU
		{B5A8C3FA-A5A8-43EC-8EA9-86985DA2819C}.UAT|Any CPU.Build.0 = Release|Any CPU
		{162030FE-E76C-439F-8A25-A32862D96E1E}.Debug|Any CPU.ActiveCfg = Debug|Any CPU
		{162030FE-E76C-439F-8A25-A32862D96E1E}.Debug|Any CPU.Build.0 = Debug|Any CPU
		{162030FE-E76C-439F-8A25-A32862D96E1E}.FX Production CM|Any CPU.ActiveCfg = Release|Any CPU
		{162030FE-E76C-439F-8A25-A32862D96E1E}.FX Production CM|Any CPU.Build.0 = Release|Any CPU
		{162030FE-E76C-439F-8A25-A32862D96E1E}.FX Production|Any CPU.ActiveCfg = Release|Any CPU
		{162030FE-E76C-439F-8A25-A32862D96E1E}.FX Production|Any CPU.Build.0 = Release|Any CPU
		{162030FE-E76C-439F-8A25-A32862D96E1E}.FX Staging|Any CPU.ActiveCfg = Release|Any CPU
		{162030FE-E76C-439F-8A25-A32862D96E1E}.FX Staging|Any CPU.Build.0 = Release|Any CPU
		{162030FE-E76C-439F-8A25-A32862D96E1E}.Local|Any CPU.ActiveCfg = Release|Any CPU
		{162030FE-E76C-439F-8A25-A32862D96E1E}.Local|Any CPU.Build.0 = Release|Any CPU
		{162030FE-E76C-439F-8A25-A32862D96E1E}.Release|Any CPU.ActiveCfg = Release|Any CPU
		{162030FE-E76C-439F-8A25-A32862D96E1E}.Release|Any CPU.Build.0 = Release|Any CPU
		{162030FE-E76C-439F-8A25-A32862D96E1E}.UAT Content|Any CPU.ActiveCfg = Release|Any CPU
		{162030FE-E76C-439F-8A25-A32862D96E1E}.UAT Content|Any CPU.Build.0 = Release|Any CPU
		{162030FE-E76C-439F-8A25-A32862D96E1E}.UAT|Any CPU.ActiveCfg = Release|Any CPU
		{162030FE-E76C-439F-8A25-A32862D96E1E}.UAT|Any CPU.Build.0 = Release|Any CPU
		{A539C75B-E6D7-4D46-A359-92F2806C6A39}.Debug|Any CPU.ActiveCfg = Debug|Any CPU
		{A539C75B-E6D7-4D46-A359-92F2806C6A39}.Debug|Any CPU.Build.0 = Debug|Any CPU
		{A539C75B-E6D7-4D46-A359-92F2806C6A39}.FX Production CM|Any CPU.ActiveCfg = Release|Any CPU
		{A539C75B-E6D7-4D46-A359-92F2806C6A39}.FX Production CM|Any CPU.Build.0 = Release|Any CPU
		{A539C75B-E6D7-4D46-A359-92F2806C6A39}.FX Production|Any CPU.ActiveCfg = Release|Any CPU
		{A539C75B-E6D7-4D46-A359-92F2806C6A39}.FX Production|Any CPU.Build.0 = Release|Any CPU
		{A539C75B-E6D7-4D46-A359-92F2806C6A39}.FX Staging|Any CPU.ActiveCfg = Release|Any CPU
		{A539C75B-E6D7-4D46-A359-92F2806C6A39}.FX Staging|Any CPU.Build.0 = Release|Any CPU
		{A539C75B-E6D7-4D46-A359-92F2806C6A39}.Local|Any CPU.ActiveCfg = Release|Any CPU
		{A539C75B-E6D7-4D46-A359-92F2806C6A39}.Local|Any CPU.Build.0 = Release|Any CPU
		{A539C75B-E6D7-4D46-A359-92F2806C6A39}.Release|Any CPU.ActiveCfg = Release|Any CPU
		{A539C75B-E6D7-4D46-A359-92F2806C6A39}.Release|Any CPU.Build.0 = Release|Any CPU
		{A539C75B-E6D7-4D46-A359-92F2806C6A39}.UAT Content|Any CPU.ActiveCfg = Release|Any CPU
		{A539C75B-E6D7-4D46-A359-92F2806C6A39}.UAT Content|Any CPU.Build.0 = Release|Any CPU
		{A539C75B-E6D7-4D46-A359-92F2806C6A39}.UAT|Any CPU.ActiveCfg = Release|Any CPU
		{A539C75B-E6D7-4D46-A359-92F2806C6A39}.UAT|Any CPU.Build.0 = Release|Any CPU
		{9D8815B4-FF41-4D96-8164-A7FEEA4A51B4}.Debug|Any CPU.ActiveCfg = Debug|Any CPU
		{9D8815B4-FF41-4D96-8164-A7FEEA4A51B4}.Debug|Any CPU.Build.0 = Debug|Any CPU
		{9D8815B4-FF41-4D96-8164-A7FEEA4A51B4}.FX Production CM|Any CPU.ActiveCfg = Release|Any CPU
		{9D8815B4-FF41-4D96-8164-A7FEEA4A51B4}.FX Production CM|Any CPU.Build.0 = Release|Any CPU
		{9D8815B4-FF41-4D96-8164-A7FEEA4A51B4}.FX Production|Any CPU.ActiveCfg = Release|Any CPU
		{9D8815B4-FF41-4D96-8164-A7FEEA4A51B4}.FX Production|Any CPU.Build.0 = Release|Any CPU
		{9D8815B4-FF41-4D96-8164-A7FEEA4A51B4}.FX Staging|Any CPU.ActiveCfg = Release|Any CPU
		{9D8815B4-FF41-4D96-8164-A7FEEA4A51B4}.FX Staging|Any CPU.Build.0 = Release|Any CPU
		{9D8815B4-FF41-4D96-8164-A7FEEA4A51B4}.Local|Any CPU.ActiveCfg = Release|Any CPU
		{9D8815B4-FF41-4D96-8164-A7FEEA4A51B4}.Local|Any CPU.Build.0 = Release|Any CPU
		{9D8815B4-FF41-4D96-8164-A7FEEA4A51B4}.Release|Any CPU.ActiveCfg = Release|Any CPU
		{9D8815B4-FF41-4D96-8164-A7FEEA4A51B4}.Release|Any CPU.Build.0 = Release|Any CPU
		{9D8815B4-FF41-4D96-8164-A7FEEA4A51B4}.UAT Content|Any CPU.ActiveCfg = Release|Any CPU
		{9D8815B4-FF41-4D96-8164-A7FEEA4A51B4}.UAT Content|Any CPU.Build.0 = Release|Any CPU
		{9D8815B4-FF41-4D96-8164-A7FEEA4A51B4}.UAT|Any CPU.ActiveCfg = Release|Any CPU
		{9D8815B4-FF41-4D96-8164-A7FEEA4A51B4}.UAT|Any CPU.Build.0 = Release|Any CPU
		{9C11CAE5-5188-4E71-825B-68FC3135728A}.Debug|Any CPU.ActiveCfg = Debug|Any CPU
		{9C11CAE5-5188-4E71-825B-68FC3135728A}.Debug|Any CPU.Build.0 = Debug|Any CPU
		{9C11CAE5-5188-4E71-825B-68FC3135728A}.FX Production CM|Any CPU.ActiveCfg = Release|Any CPU
		{9C11CAE5-5188-4E71-825B-68FC3135728A}.FX Production CM|Any CPU.Build.0 = Release|Any CPU
		{9C11CAE5-5188-4E71-825B-68FC3135728A}.FX Production|Any CPU.ActiveCfg = Release|Any CPU
		{9C11CAE5-5188-4E71-825B-68FC3135728A}.FX Production|Any CPU.Build.0 = Release|Any CPU
		{9C11CAE5-5188-4E71-825B-68FC3135728A}.FX Staging|Any CPU.ActiveCfg = Release|Any CPU
		{9C11CAE5-5188-4E71-825B-68FC3135728A}.FX Staging|Any CPU.Build.0 = Release|Any CPU
		{9C11CAE5-5188-4E71-825B-68FC3135728A}.Local|Any CPU.ActiveCfg = Release|Any CPU
		{9C11CAE5-5188-4E71-825B-68FC3135728A}.Local|Any CPU.Build.0 = Release|Any CPU
		{9C11CAE5-5188-4E71-825B-68FC3135728A}.Release|Any CPU.ActiveCfg = Release|Any CPU
		{9C11CAE5-5188-4E71-825B-68FC3135728A}.Release|Any CPU.Build.0 = Release|Any CPU
		{9C11CAE5-5188-4E71-825B-68FC3135728A}.UAT Content|Any CPU.ActiveCfg = Release|Any CPU
		{9C11CAE5-5188-4E71-825B-68FC3135728A}.UAT Content|Any CPU.Build.0 = Release|Any CPU
		{9C11CAE5-5188-4E71-825B-68FC3135728A}.UAT|Any CPU.ActiveCfg = Release|Any CPU
		{9C11CAE5-5188-4E71-825B-68FC3135728A}.UAT|Any CPU.Build.0 = Release|Any CPU
	EndGlobalSection
	GlobalSection(SolutionProperties) = preSolution
		HideSolutionNode = FALSE
	EndGlobalSection
	GlobalSection(NestedProjects) = preSolution
		{9D8815B4-FF41-4D96-8164-A7FEEA4A51B4} = {2C347B09-4440-452E-9B3E-E0A35E644C38}
		{9C11CAE5-5188-4E71-825B-68FC3135728A} = {2C347B09-4440-452E-9B3E-E0A35E644C38}
	EndGlobalSection
	GlobalSection(ExtensibilityGlobals) = postSolution
		SolutionGuid = {10CA1A42-FB20-49AF-920C-E8C00AF54759}
	EndGlobalSection
EndGlobal
